
Microsoft Visual Studio Solution File, Format Version 12.00
# Visual Studio Version 17
VisualStudioVersion = 17.0.32014.148
MinimumVisualStudioVersion = 10.0.40219.1
Project("{2150E333-8FDC-42A3-9474-1A3956D46DE8}") = "Tests", "Tests", "{214DA32D-1764-4708-BA9A-E21C2D82F8D4}"
EndProject
Project("{9A19103F-16F7-4668-BE54-9A1E7A4F7556}") = "UnitTests", "UnitTests\UnitTests.csproj", "{6EE0BFD9-B98C-493D-A01C-829928887C24}"
EndProject
Project("{9A19103F-16F7-4668-BE54-9A1E7A4F7556}") = "GroupKnowledgeContract", "GroupKnowledgeContract\GroupKnowledgeContract.csproj", "{4D495BDE-70D2-4C47-8F7F-51F308EFE01F}"
EndProject
Project("{9A19103F-16F7-4668-BE54-9A1E7A4F7556}") = "GroupKnowledgeClient", "GroupKnowledgeClient\GroupKnowledgeClient.csproj", "{3F4462D2-0415-44BF-BF17-0D31E293BD95}"
EndProject
Project("{9A19103F-16F7-4668-BE54-9A1E7A4F7556}") = "CirrusProxy", "CirrusProxy\CirrusProxy.csproj", "{A4F0EE71-66B7-4B65-9410-DC87F57E3130}"
EndProject
Project("{9A19103F-16F7-4668-BE54-9A1E7A4F7556}") = "StratisDataTransferObjects", "StratisDataTransferObjects\StratisDataTransferObjects.csproj", "{E69E1895-5137-4FCB-82CB-DC6035C5C2FA}"
EndProject
Project("{9A19103F-16F7-4668-BE54-9A1E7A4F7556}") = "ChainTests", "ChainTests\ChainTests.csproj", "{6AAADBD0-0306-41B4-AFF2-1681E753757D}"
EndProject
Project("{2150E333-8FDC-42A3-9474-1A3956D46DE8}") = "Solution Items", "Solution Items", "{0AD5290B-0B44-4869-A70F-9324C2113AA4}"
	ProjectSection(SolutionItems) = preProject
		.editorconfig = .editorconfig
		GroupKnowledgeByteCode.txt = GroupKnowledgeByteCode.txt
	EndProjectSection
EndProject
Global
	GlobalSection(SolutionConfigurationPlatforms) = preSolution
		Debug|Any CPU = Debug|Any CPU
		Release|Any CPU = Release|Any CPU
	EndGlobalSection
	GlobalSection(ProjectConfigurationPlatforms) = postSolution
		{6EE0BFD9-B98C-493D-A01C-829928887C24}.Debug|Any CPU.ActiveCfg = Debug|Any CPU
		{6EE0BFD9-B98C-493D-A01C-829928887C24}.Debug|Any CPU.Build.0 = Debug|Any CPU
		{6EE0BFD9-B98C-493D-A01C-829928887C24}.Release|Any CPU.ActiveCfg = Release|Any CPU
		{6EE0BFD9-B98C-493D-A01C-829928887C24}.Release|Any CPU.Build.0 = Release|Any CPU
		{4D495BDE-70D2-4C47-8F7F-51F308EFE01F}.Debug|Any CPU.ActiveCfg = Debug|Any CPU
		{4D495BDE-70D2-4C47-8F7F-51F308EFE01F}.Debug|Any CPU.Build.0 = Debug|Any CPU
		{4D495BDE-70D2-4C47-8F7F-51F308EFE01F}.Release|Any CPU.ActiveCfg = Release|Any CPU
		{4D495BDE-70D2-4C47-8F7F-51F308EFE01F}.Release|Any CPU.Build.0 = Release|Any CPU
		{3F4462D2-0415-44BF-BF17-0D31E293BD95}.Debug|Any CPU.ActiveCfg = Debug|Any CPU
		{3F4462D2-0415-44BF-BF17-0D31E293BD95}.Debug|Any CPU.Build.0 = Debug|Any CPU
		{3F4462D2-0415-44BF-BF17-0D31E293BD95}.Release|Any CPU.ActiveCfg = Release|Any CPU
		{3F4462D2-0415-44BF-BF17-0D31E293BD95}.Release|Any CPU.Build.0 = Release|Any CPU
		{A4F0EE71-66B7-4B65-9410-DC87F57E3130}.Debug|Any CPU.ActiveCfg = Debug|Any CPU
		{A4F0EE71-66B7-4B65-9410-DC87F57E3130}.Debug|Any CPU.Build.0 = Debug|Any CPU
		{A4F0EE71-66B7-4B65-9410-DC87F57E3130}.Release|Any CPU.ActiveCfg = Release|Any CPU
		{A4F0EE71-66B7-4B65-9410-DC87F57E3130}.Release|Any CPU.Build.0 = Release|Any CPU
		{E69E1895-5137-4FCB-82CB-DC6035C5C2FA}.Debug|Any CPU.ActiveCfg = Debug|Any CPU
		{E69E1895-5137-4FCB-82CB-DC6035C5C2FA}.Debug|Any CPU.Build.0 = Debug|Any CPU
		{E69E1895-5137-4FCB-82CB-DC6035C5C2FA}.Release|Any CPU.ActiveCfg = Release|Any CPU
		{E69E1895-5137-4FCB-82CB-DC6035C5C2FA}.Release|Any CPU.Build.0 = Release|Any CPU
		{6AAADBD0-0306-41B4-AFF2-1681E753757D}.Debug|Any CPU.ActiveCfg = Debug|Any CPU
		{6AAADBD0-0306-41B4-AFF2-1681E753757D}.Debug|Any CPU.Build.0 = Debug|Any CPU
		{6AAADBD0-0306-41B4-AFF2-1681E753757D}.Release|Any CPU.ActiveCfg = Release|Any CPU
		{6AAADBD0-0306-41B4-AFF2-1681E753757D}.Release|Any CPU.Build.0 = Release|Any CPU
	EndGlobalSection
	GlobalSection(SolutionProperties) = preSolution
		HideSolutionNode = FALSE
	EndGlobalSection
	GlobalSection(NestedProjects) = preSolution
		{6EE0BFD9-B98C-493D-A01C-829928887C24} = {214DA32D-1764-4708-BA9A-E21C2D82F8D4}
		{6AAADBD0-0306-41B4-AFF2-1681E753757D} = {214DA32D-1764-4708-BA9A-E21C2D82F8D4}
	EndGlobalSection
	GlobalSection(ExtensibilityGlobals) = postSolution
		SolutionGuid = {3D431E5B-596F-4B59-9B92-A0448C4CB656}
	EndGlobalSection
EndGlobal
